// !$*UTF8*$!
{
	archiveVersion = 1;
	classes = {
	};
	objectVersion = 51;
	objects = {

/* Begin PBXBuildFile section */
		190A07442541CB5F008E90C2 /* ExploreView.swift in Sources */ = {isa = PBXBuildFile; fileRef = 190A07432541CB5F008E90C2 /* ExploreView.swift */; };
		190A07552541CEB7008E90C2 /* ContentView.swift in Sources */ = {isa = PBXBuildFile; fileRef = 190A07542541CEB7008E90C2 /* ContentView.swift */; };
		190A075C2541D2DA008E90C2 /* LogoView.swift in Sources */ = {isa = PBXBuildFile; fileRef = 190A075B2541D2DA008E90C2 /* LogoView.swift */; };
		191BB7FF25483AF0007CD2D4 /* ViewModel.swift in Sources */ = {isa = PBXBuildFile; fileRef = 191BB7FE25483AF0007CD2D4 /* ViewModel.swift */; };
		191BB80625483E01007CD2D4 /* Place.swift in Sources */ = {isa = PBXBuildFile; fileRef = 191BB80525483E01007CD2D4 /* Place.swift */; };
		523B8345254083DC001A5C1B /* OrientaleNappApp.swift in Sources */ = {isa = PBXBuildFile; fileRef = 523B8344254083DC001A5C1B /* OrientaleNappApp.swift */; };
		523B8349254083DE001A5C1B /* Assets.xcassets in Resources */ = {isa = PBXBuildFile; fileRef = 523B8348254083DE001A5C1B /* Assets.xcassets */; };
		523B834C254083DE001A5C1B /* Preview Assets.xcassets in Resources */ = {isa = PBXBuildFile; fileRef = 523B834B254083DE001A5C1B /* Preview Assets.xcassets */; };
		6EEE6AE5957EBF0D7609A468 /* Pods_OrientaleNapp.framework in Frameworks */ = {isa = PBXBuildFile; fileRef = 85478494E175CC50C6D8B39D /* Pods_OrientaleNapp.framework */; };
		BAF95C302546C5AA00ED3620 /* toy.json in Resources */ = {isa = PBXBuildFile; fileRef = BAF95C2F2546C5AA00ED3620 /* toy.json */; };
		BAF95C332546C92400ED3620 /* pizza.json in Resources */ = {isa = PBXBuildFile; fileRef = BAF95C322546C92400ED3620 /* pizza.json */; };
		BAF95C362546CB2800ED3620 /* book.json in Resources */ = {isa = PBXBuildFile; fileRef = BAF95C352546CB2800ED3620 /* book.json */; };
		D698D3AE2546C16E00118711 /* Launch Screen.storyboard in Resources */ = {isa = PBXBuildFile; fileRef = D698D3AD2546C16E00118711 /* Launch Screen.storyboard */; };
		F4C4D8D52542EB67003C8949 /* PickerView.swift in Sources */ = {isa = PBXBuildFile; fileRef = F4C4D8D42542EB67003C8949 /* PickerView.swift */; };
		F5032C2C2542F1A300BD5FB1 /* Coordinator.swift in Sources */ = {isa = PBXBuildFile; fileRef = F5032C2B2542F1A300BD5FB1 /* Coordinator.swift */; };
		F52E0C292542F02300379B7F /* MapView.swift in Sources */ = {isa = PBXBuildFile; fileRef = F52E0C282542F02300379B7F /* MapView.swift */; };
		F52E0C332542F10E00379B7F /* LocationManager.swift in Sources */ = {isa = PBXBuildFile; fileRef = F52E0C322542F10E00379B7F /* LocationManager.swift */; };
		F558D78E2545DBAB0024F2A8 /* coffee.json in Resources */ = {isa = PBXBuildFile; fileRef = F558D78D2545DBAB0024F2A8 /* coffee.json */; };
		F558D791254625420024F2A8 /* Location.swift in Sources */ = {isa = PBXBuildFile; fileRef = F558D790254625420024F2A8 /* Location.swift */; };
		F558D79625462AA00024F2A8 /* BundleDecoder.swift in Sources */ = {isa = PBXBuildFile; fileRef = F558D79525462AA00024F2A8 /* BundleDecoder.swift */; };
		F5D80083254346290008D6D4 /* Item.swift in Sources */ = {isa = PBXBuildFile; fileRef = F5D80082254346290008D6D4 /* Item.swift */; };
		F5D80086254346360008D6D4 /* RowView.swift in Sources */ = {isa = PBXBuildFile; fileRef = F5D80085254346360008D6D4 /* RowView.swift */; };
		F5E77BFB25470D1D00CACFE1 /* GoogleService-Info.plist in Resources */ = {isa = PBXBuildFile; fileRef = F5E77BFA25470D1D00CACFE1 /* GoogleService-Info.plist */; };
/* End PBXBuildFile section */

/* Begin PBXFileReference section */
		04FEBE840D8A0097F5CA8435 /* Pods-OrientaleNapp.release.xcconfig */ = {isa = PBXFileReference; includeInIndex = 1; lastKnownFileType = text.xcconfig; name = "Pods-OrientaleNapp.release.xcconfig"; path = "Target Support Files/Pods-OrientaleNapp/Pods-OrientaleNapp.release.xcconfig"; sourceTree = "<group>"; };
		190A07432541CB5F008E90C2 /* ExploreView.swift */ = {isa = PBXFileReference; lastKnownFileType = sourcecode.swift; path = ExploreView.swift; sourceTree = "<group>"; };
		190A07542541CEB7008E90C2 /* ContentView.swift */ = {isa = PBXFileReference; lastKnownFileType = sourcecode.swift; path = ContentView.swift; sourceTree = "<group>"; };
		190A075B2541D2DA008E90C2 /* LogoView.swift */ = {isa = PBXFileReference; lastKnownFileType = sourcecode.swift; path = LogoView.swift; sourceTree = "<group>"; };
		191BB7FE25483AF0007CD2D4 /* ViewModel.swift */ = {isa = PBXFileReference; fileEncoding = 4; lastKnownFileType = sourcecode.swift; path = ViewModel.swift; sourceTree = "<group>"; };
		191BB80525483E01007CD2D4 /* Place.swift */ = {isa = PBXFileReference; fileEncoding = 4; lastKnownFileType = sourcecode.swift; path = Place.swift; sourceTree = "<group>"; };
		1B80FBF27D34952B10F3E85C /* Pods-OrientaleNapp.debug.xcconfig */ = {isa = PBXFileReference; includeInIndex = 1; lastKnownFileType = text.xcconfig; name = "Pods-OrientaleNapp.debug.xcconfig"; path = "Target Support Files/Pods-OrientaleNapp/Pods-OrientaleNapp.debug.xcconfig"; sourceTree = "<group>"; };
		523B8341254083DC001A5C1B /* OrientaleNapp.app */ = {isa = PBXFileReference; explicitFileType = wrapper.application; includeInIndex = 0; path = OrientaleNapp.app; sourceTree = BUILT_PRODUCTS_DIR; };
		523B8344254083DC001A5C1B /* OrientaleNappApp.swift */ = {isa = PBXFileReference; lastKnownFileType = sourcecode.swift; path = OrientaleNappApp.swift; sourceTree = "<group>"; };
		523B8348254083DE001A5C1B /* Assets.xcassets */ = {isa = PBXFileReference; lastKnownFileType = folder.assetcatalog; path = Assets.xcassets; sourceTree = "<group>"; };
		523B834B254083DE001A5C1B /* Preview Assets.xcassets */ = {isa = PBXFileReference; lastKnownFileType = folder.assetcatalog; path = "Preview Assets.xcassets"; sourceTree = "<group>"; };
		85478494E175CC50C6D8B39D /* Pods_OrientaleNapp.framework */ = {isa = PBXFileReference; explicitFileType = wrapper.framework; includeInIndex = 0; path = Pods_OrientaleNapp.framework; sourceTree = BUILT_PRODUCTS_DIR; };
		BAF95C2F2546C5AA00ED3620 /* toy.json */ = {isa = PBXFileReference; fileEncoding = 4; lastKnownFileType = text.json; path = toy.json; sourceTree = "<group>"; };
		BAF95C322546C92400ED3620 /* pizza.json */ = {isa = PBXFileReference; fileEncoding = 4; lastKnownFileType = text.json; path = pizza.json; sourceTree = "<group>"; };
		BAF95C352546CB2800ED3620 /* book.json */ = {isa = PBXFileReference; fileEncoding = 4; lastKnownFileType = text.json; path = book.json; sourceTree = "<group>"; };
		D698D3AD2546C16E00118711 /* Launch Screen.storyboard */ = {isa = PBXFileReference; lastKnownFileType = file.storyboard; path = "Launch Screen.storyboard"; sourceTree = "<group>"; };
		F4C4D8D42542EB67003C8949 /* PickerView.swift */ = {isa = PBXFileReference; lastKnownFileType = sourcecode.swift; path = PickerView.swift; sourceTree = "<group>"; };
		F5032C2B2542F1A300BD5FB1 /* Coordinator.swift */ = {isa = PBXFileReference; fileEncoding = 4; lastKnownFileType = sourcecode.swift; path = Coordinator.swift; sourceTree = "<group>"; };
		F52E0C282542F02300379B7F /* MapView.swift */ = {isa = PBXFileReference; fileEncoding = 4; lastKnownFileType = sourcecode.swift; path = MapView.swift; sourceTree = "<group>"; };
		F52E0C322542F10E00379B7F /* LocationManager.swift */ = {isa = PBXFileReference; fileEncoding = 4; lastKnownFileType = sourcecode.swift; path = LocationManager.swift; sourceTree = "<group>"; };
		F558D78D2545DBAB0024F2A8 /* coffee.json */ = {isa = PBXFileReference; fileEncoding = 4; lastKnownFileType = text.json; path = coffee.json; sourceTree = "<group>"; };
		F558D790254625420024F2A8 /* Location.swift */ = {isa = PBXFileReference; lastKnownFileType = sourcecode.swift; path = Location.swift; sourceTree = "<group>"; };
		F558D79525462AA00024F2A8 /* BundleDecoder.swift */ = {isa = PBXFileReference; lastKnownFileType = sourcecode.swift; path = BundleDecoder.swift; sourceTree = "<group>"; };
		F5D800612542F4F80008D6D4 /* Info.plist */ = {isa = PBXFileReference; fileEncoding = 4; lastKnownFileType = text.plist.xml; path = Info.plist; sourceTree = "<group>"; };
		F5D80082254346290008D6D4 /* Item.swift */ = {isa = PBXFileReference; fileEncoding = 4; lastKnownFileType = sourcecode.swift; path = Item.swift; sourceTree = "<group>"; };
		F5D80085254346360008D6D4 /* RowView.swift */ = {isa = PBXFileReference; fileEncoding = 4; lastKnownFileType = sourcecode.swift; path = RowView.swift; sourceTree = "<group>"; };
		F5E77BFA25470D1D00CACFE1 /* GoogleService-Info.plist */ = {isa = PBXFileReference; fileEncoding = 4; lastKnownFileType = text.plist.xml; path = "GoogleService-Info.plist"; sourceTree = "<group>"; };
/* End PBXFileReference section */

/* Begin PBXFrameworksBuildPhase section */
		523B833E254083DC001A5C1B /* Frameworks */ = {
			isa = PBXFrameworksBuildPhase;
			buildActionMask = 2147483647;
			files = (
				6EEE6AE5957EBF0D7609A468 /* Pods_OrientaleNapp.framework in Frameworks */,
			);
			runOnlyForDeploymentPostprocessing = 0;
		};
/* End PBXFrameworksBuildPhase section */

/* Begin PBXGroup section */
		190A07492541CBC4008E90C2 /* Views */ = {
			isa = PBXGroup;
			children = (
				190A07542541CEB7008E90C2 /* ContentView.swift */,
				190A07432541CB5F008E90C2 /* ExploreView.swift */,
				D698D3AD2546C16E00118711 /* Launch Screen.storyboard */,
				F52E0C282542F02300379B7F /* MapView.swift */,
				190A075B2541D2DA008E90C2 /* LogoView.swift */,
				F4C4D8D42542EB67003C8949 /* PickerView.swift */,
				F5D80085254346360008D6D4 /* RowView.swift */,
			);
			path = Views;
			sourceTree = "<group>";
		};
		405B18DE67B69F221E1D9845 /* Pods */ = {
			isa = PBXGroup;
			children = (
				1B80FBF27D34952B10F3E85C /* Pods-OrientaleNapp.debug.xcconfig */,
				04FEBE840D8A0097F5CA8435 /* Pods-OrientaleNapp.release.xcconfig */,
			);
			path = Pods;
			sourceTree = "<group>";
		};
		4EC07A9866015EBDBA307544 /* Frameworks */ = {
			isa = PBXGroup;
			children = (
				85478494E175CC50C6D8B39D /* Pods_OrientaleNapp.framework */,
			);
			name = Frameworks;
			sourceTree = "<group>";
		};
		523B8338254083DC001A5C1B = {
			isa = PBXGroup;
			children = (
				523B8343254083DC001A5C1B /* OrientaleNapp */,
				523B8342254083DC001A5C1B /* Products */,
				405B18DE67B69F221E1D9845 /* Pods */,
				4EC07A9866015EBDBA307544 /* Frameworks */,
			);
			sourceTree = "<group>";
		};
		523B8342254083DC001A5C1B /* Products */ = {
			isa = PBXGroup;
			children = (
				523B8341254083DC001A5C1B /* OrientaleNapp.app */,
			);
			name = Products;
			sourceTree = "<group>";
		};
		523B8343254083DC001A5C1B /* OrientaleNapp */ = {
			isa = PBXGroup;
			children = (
				523B8344254083DC001A5C1B /* OrientaleNappApp.swift */,
				F5032C2A2542F1A300BD5FB1 /* Coordinators */,
				F558D79425462A7D0024F2A8 /* Decoders */,
				F558D79325462A060024F2A8 /* JSON */,
				F52E0C312542F10E00379B7F /* Managers */,
				F5D80081254346290008D6D4 /* Models */,
				190A07492541CBC4008E90C2 /* Views */,
				F5D800612542F4F80008D6D4 /* Info.plist */,
				F5E77BFA25470D1D00CACFE1 /* GoogleService-Info.plist */,
				523B8348254083DE001A5C1B /* Assets.xcassets */,
				523B834A254083DE001A5C1B /* Preview Content */,
			);
			path = OrientaleNapp;
			sourceTree = "<group>";
		};
		523B834A254083DE001A5C1B /* Preview Content */ = {
			isa = PBXGroup;
			children = (
				523B834B254083DE001A5C1B /* Preview Assets.xcassets */,
			);
			path = "Preview Content";
			sourceTree = "<group>";
		};
		F5032C2A2542F1A300BD5FB1 /* Coordinators */ = {
			isa = PBXGroup;
			children = (
				F5032C2B2542F1A300BD5FB1 /* Coordinator.swift */,
			);
			path = Coordinators;
			sourceTree = "<group>";
		};
		F52E0C312542F10E00379B7F /* Managers */ = {
			isa = PBXGroup;
			children = (
				F52E0C322542F10E00379B7F /* LocationManager.swift */,
			);
			path = Managers;
			sourceTree = "<group>";
		};
		F558D79325462A060024F2A8 /* JSON */ = {
			isa = PBXGroup;
			children = (
				F558D78D2545DBAB0024F2A8 /* coffee.json */,
				BAF95C322546C92400ED3620 /* pizza.json */,
				BAF95C2F2546C5AA00ED3620 /* toy.json */,
				BAF95C352546CB2800ED3620 /* book.json */,
			);
			path = JSON;
			sourceTree = "<group>";
		};
		F558D79425462A7D0024F2A8 /* Decoders */ = {
			isa = PBXGroup;
			children = (
				F558D79525462AA00024F2A8 /* BundleDecoder.swift */,
			);
			path = Decoders;
			sourceTree = "<group>";
		};
		F5D80081254346290008D6D4 /* Models */ = {
			isa = PBXGroup;
			children = (
				191BB7FE25483AF0007CD2D4 /* ViewModel.swift */,
				F5D80082254346290008D6D4 /* Item.swift */,
				191BB80525483E01007CD2D4 /* Place.swift */,
				F558D790254625420024F2A8 /* Location.swift */,
			);
			path = Models;
			sourceTree = "<group>";
		};
/* End PBXGroup section */

/* Begin PBXNativeTarget section */
		523B8340254083DC001A5C1B /* OrientaleNapp */ = {
			isa = PBXNativeTarget;
			buildConfigurationList = 523B8350254083DE001A5C1B /* Build configuration list for PBXNativeTarget "OrientaleNapp" */;
			buildPhases = (
				BE13BEB83777E1EE406EA0DC /* [CP] Check Pods Manifest.lock */,
				523B833D254083DC001A5C1B /* Sources */,
				523B833E254083DC001A5C1B /* Frameworks */,
				523B833F254083DC001A5C1B /* Resources */,
				CF0373B35327C2A181221DEF /* [CP] Embed Pods Frameworks */,
			);
			buildRules = (
			);
			dependencies = (
			);
			name = OrientaleNapp;
			productName = OrientaleNapp;
			productReference = 523B8341254083DC001A5C1B /* OrientaleNapp.app */;
			productType = "com.apple.product-type.application";
		};
/* End PBXNativeTarget section */

/* Begin PBXProject section */
		523B8339254083DC001A5C1B /* Project object */ = {
			isa = PBXProject;
			attributes = {
				LastSwiftUpdateCheck = 1200;
				LastUpgradeCheck = 1200;
				TargetAttributes = {
					523B8340254083DC001A5C1B = {
						CreatedOnToolsVersion = 12.0.1;
					};
				};
			};
			buildConfigurationList = 523B833C254083DC001A5C1B /* Build configuration list for PBXProject "OrientaleNapp" */;
			compatibilityVersion = "Xcode 9.3";
			developmentRegion = en;
			hasScannedForEncodings = 0;
			knownRegions = (
				en,
				Base,
			);
			mainGroup = 523B8338254083DC001A5C1B;
			productRefGroup = 523B8342254083DC001A5C1B /* Products */;
			projectDirPath = "";
			projectRoot = "";
			targets = (
				523B8340254083DC001A5C1B /* OrientaleNapp */,
			);
		};
/* End PBXProject section */

/* Begin PBXResourcesBuildPhase section */
		523B833F254083DC001A5C1B /* Resources */ = {
			isa = PBXResourcesBuildPhase;
			buildActionMask = 2147483647;
			files = (
				BAF95C362546CB2800ED3620 /* book.json in Resources */,
				F5E77BFB25470D1D00CACFE1 /* GoogleService-Info.plist in Resources */,
				F558D78E2545DBAB0024F2A8 /* coffee.json in Resources */,
				523B834C254083DE001A5C1B /* Preview Assets.xcassets in Resources */,
				BAF95C332546C92400ED3620 /* pizza.json in Resources */,
				BAF95C302546C5AA00ED3620 /* toy.json in Resources */,
				D698D3AE2546C16E00118711 /* Launch Screen.storyboard in Resources */,
				523B8349254083DE001A5C1B /* Assets.xcassets in Resources */,
			);
			runOnlyForDeploymentPostprocessing = 0;
		};
/* End PBXResourcesBuildPhase section */

/* Begin PBXShellScriptBuildPhase section */
		BE13BEB83777E1EE406EA0DC /* [CP] Check Pods Manifest.lock */ = {
			isa = PBXShellScriptBuildPhase;
			buildActionMask = 2147483647;
			files = (
			);
			inputFileListPaths = (
			);
			inputPaths = (
				"${PODS_PODFILE_DIR_PATH}/Podfile.lock",
				"${PODS_ROOT}/Manifest.lock",
			);
			name = "[CP] Check Pods Manifest.lock";
			outputFileListPaths = (
			);
			outputPaths = (
				"$(DERIVED_FILE_DIR)/Pods-OrientaleNapp-checkManifestLockResult.txt",
			);
			runOnlyForDeploymentPostprocessing = 0;
			shellPath = /bin/sh;
			shellScript = "diff \"${PODS_PODFILE_DIR_PATH}/Podfile.lock\" \"${PODS_ROOT}/Manifest.lock\" > /dev/null\nif [ $? != 0 ] ; then\n    # print error to STDERR\n    echo \"error: The sandbox is not in sync with the Podfile.lock. Run 'pod install' or update your CocoaPods installation.\" >&2\n    exit 1\nfi\n# This output is used by Xcode 'outputs' to avoid re-running this script phase.\necho \"SUCCESS\" > \"${SCRIPT_OUTPUT_FILE_0}\"\n";
			showEnvVarsInLog = 0;
		};
		CF0373B35327C2A181221DEF /* [CP] Embed Pods Frameworks */ = {
			isa = PBXShellScriptBuildPhase;
			buildActionMask = 2147483647;
			files = (
			);
			inputFileListPaths = (
				"${PODS_ROOT}/Target Support Files/Pods-OrientaleNapp/Pods-OrientaleNapp-frameworks-${CONFIGURATION}-input-files.xcfilelist",
			);
			name = "[CP] Embed Pods Frameworks";
			outputFileListPaths = (
				"${PODS_ROOT}/Target Support Files/Pods-OrientaleNapp/Pods-OrientaleNapp-frameworks-${CONFIGURATION}-output-files.xcfilelist",
			);
			runOnlyForDeploymentPostprocessing = 0;
			shellPath = /bin/sh;
			shellScript = "\"${PODS_ROOT}/Target Support Files/Pods-OrientaleNapp/Pods-OrientaleNapp-frameworks.sh\"\n";
			showEnvVarsInLog = 0;
		};
/* End PBXShellScriptBuildPhase section */

/* Begin PBXSourcesBuildPhase section */
		523B833D254083DC001A5C1B /* Sources */ = {
			isa = PBXSourcesBuildPhase;
			buildActionMask = 2147483647;
			files = (
				F558D79625462AA00024F2A8 /* BundleDecoder.swift in Sources */,
				F5D80083254346290008D6D4 /* Item.swift in Sources */,
				F52E0C292542F02300379B7F /* MapView.swift in Sources */,
				190A07552541CEB7008E90C2 /* ContentView.swift in Sources */,
				190A075C2541D2DA008E90C2 /* LogoView.swift in Sources */,
				191BB80625483E01007CD2D4 /* Place.swift in Sources */,
				F4C4D8D52542EB67003C8949 /* PickerView.swift in Sources */,
				191BB7FF25483AF0007CD2D4 /* ViewModel.swift in Sources */,
				F52E0C332542F10E00379B7F /* LocationManager.swift in Sources */,
				190A07442541CB5F008E90C2 /* ExploreView.swift in Sources */,
				F5D80086254346360008D6D4 /* RowView.swift in Sources */,
				523B8345254083DC001A5C1B /* OrientaleNappApp.swift in Sources */,
				F558D791254625420024F2A8 /* Location.swift in Sources */,
				F5032C2C2542F1A300BD5FB1 /* Coordinator.swift in Sources */,
			);
			runOnlyForDeploymentPostprocessing = 0;
		};
/* End PBXSourcesBuildPhase section */

/* Begin XCBuildConfiguration section */
		523B834E254083DE001A5C1B /* Debug */ = {
			isa = XCBuildConfiguration;
			buildSettings = {
				ALWAYS_SEARCH_USER_PATHS = NO;
				CLANG_ANALYZER_NONNULL = YES;
				CLANG_ANALYZER_NUMBER_OBJECT_CONVERSION = YES_AGGRESSIVE;
				CLANG_CXX_LANGUAGE_STANDARD = "gnu++14";
				CLANG_CXX_LIBRARY = "libc++";
				CLANG_ENABLE_MODULES = YES;
				CLANG_ENABLE_OBJC_ARC = YES;
				CLANG_ENABLE_OBJC_WEAK = YES;
				CLANG_WARN_BLOCK_CAPTURE_AUTORELEASING = YES;
				CLANG_WARN_BOOL_CONVERSION = YES;
				CLANG_WARN_COMMA = YES;
				CLANG_WARN_CONSTANT_CONVERSION = YES;
				CLANG_WARN_DEPRECATED_OBJC_IMPLEMENTATIONS = YES;
				CLANG_WARN_DIRECT_OBJC_ISA_USAGE = YES_ERROR;
				CLANG_WARN_DOCUMENTATION_COMMENTS = YES;
				CLANG_WARN_EMPTY_BODY = YES;
				CLANG_WARN_ENUM_CONVERSION = YES;
				CLANG_WARN_INFINITE_RECURSION = YES;
				CLANG_WARN_INT_CONVERSION = YES;
				CLANG_WARN_NON_LITERAL_NULL_CONVERSION = YES;
				CLANG_WARN_OBJC_IMPLICIT_RETAIN_SELF = YES;
				CLANG_WARN_OBJC_LITERAL_CONVERSION = YES;
				CLANG_WARN_OBJC_ROOT_CLASS = YES_ERROR;
				CLANG_WARN_QUOTED_INCLUDE_IN_FRAMEWORK_HEADER = YES;
				CLANG_WARN_RANGE_LOOP_ANALYSIS = YES;
				CLANG_WARN_STRICT_PROTOTYPES = YES;
				CLANG_WARN_SUSPICIOUS_MOVE = YES;
				CLANG_WARN_UNGUARDED_AVAILABILITY = YES_AGGRESSIVE;
				CLANG_WARN_UNREACHABLE_CODE = YES;
				CLANG_WARN__DUPLICATE_METHOD_MATCH = YES;
				COPY_PHASE_STRIP = NO;
				DEBUG_INFORMATION_FORMAT = dwarf;
				ENABLE_STRICT_OBJC_MSGSEND = YES;
				ENABLE_TESTABILITY = YES;
				GCC_C_LANGUAGE_STANDARD = gnu11;
				GCC_DYNAMIC_NO_PIC = NO;
				GCC_NO_COMMON_BLOCKS = YES;
				GCC_OPTIMIZATION_LEVEL = 0;
				GCC_PREPROCESSOR_DEFINITIONS = (
					"DEBUG=1",
					"$(inherited)",
				);
				GCC_WARN_64_TO_32_BIT_CONVERSION = YES;
				GCC_WARN_ABOUT_RETURN_TYPE = YES_ERROR;
				GCC_WARN_UNDECLARED_SELECTOR = YES;
				GCC_WARN_UNINITIALIZED_AUTOS = YES_AGGRESSIVE;
				GCC_WARN_UNUSED_FUNCTION = YES;
				GCC_WARN_UNUSED_VARIABLE = YES;
				IPHONEOS_DEPLOYMENT_TARGET = 14.0;
				MTL_ENABLE_DEBUG_INFO = INCLUDE_SOURCE;
				MTL_FAST_MATH = YES;
				ONLY_ACTIVE_ARCH = YES;
				SDKROOT = iphoneos;
				SWIFT_ACTIVE_COMPILATION_CONDITIONS = DEBUG;
				SWIFT_OPTIMIZATION_LEVEL = "-Onone";
			};
			name = Debug;
		};
		523B834F254083DE001A5C1B /* Release */ = {
			isa = XCBuildConfiguration;
			buildSettings = {
				ALWAYS_SEARCH_USER_PATHS = NO;
				CLANG_ANALYZER_NONNULL = YES;
				CLANG_ANALYZER_NUMBER_OBJECT_CONVERSION = YES_AGGRESSIVE;
				CLANG_CXX_LANGUAGE_STANDARD = "gnu++14";
				CLANG_CXX_LIBRARY = "libc++";
				CLANG_ENABLE_MODULES = YES;
				CLANG_ENABLE_OBJC_ARC = YES;
				CLANG_ENABLE_OBJC_WEAK = YES;
				CLANG_WARN_BLOCK_CAPTURE_AUTORELEASING = YES;
				CLANG_WARN_BOOL_CONVERSION = YES;
				CLANG_WARN_COMMA = YES;
				CLANG_WARN_CONSTANT_CONVERSION = YES;
				CLANG_WARN_DEPRECATED_OBJC_IMPLEMENTATIONS = YES;
				CLANG_WARN_DIRECT_OBJC_ISA_USAGE = YES_ERROR;
				CLANG_WARN_DOCUMENTATION_COMMENTS = YES;
				CLANG_WARN_EMPTY_BODY = YES;
				CLANG_WARN_ENUM_CONVERSION = YES;
				CLANG_WARN_INFINITE_RECURSION = YES;
				CLANG_WARN_INT_CONVERSION = YES;
				CLANG_WARN_NON_LITERAL_NULL_CONVERSION = YES;
				CLANG_WARN_OBJC_IMPLICIT_RETAIN_SELF = YES;
				CLANG_WARN_OBJC_LITERAL_CONVERSION = YES;
				CLANG_WARN_OBJC_ROOT_CLASS = YES_ERROR;
				CLANG_WARN_QUOTED_INCLUDE_IN_FRAMEWORK_HEADER = YES;
				CLANG_WARN_RANGE_LOOP_ANALYSIS = YES;
				CLANG_WARN_STRICT_PROTOTYPES = YES;
				CLANG_WARN_SUSPICIOUS_MOVE = YES;
				CLANG_WARN_UNGUARDED_AVAILABILITY = YES_AGGRESSIVE;
				CLANG_WARN_UNREACHABLE_CODE = YES;
				CLANG_WARN__DUPLICATE_METHOD_MATCH = YES;
				COPY_PHASE_STRIP = NO;
				DEBUG_INFORMATION_FORMAT = "dwarf-with-dsym";
				ENABLE_NS_ASSERTIONS = NO;
				ENABLE_STRICT_OBJC_MSGSEND = YES;
				GCC_C_LANGUAGE_STANDARD = gnu11;
				GCC_NO_COMMON_BLOCKS = YES;
				GCC_WARN_64_TO_32_BIT_CONVERSION = YES;
				GCC_WARN_ABOUT_RETURN_TYPE = YES_ERROR;
				GCC_WARN_UNDECLARED_SELECTOR = YES;
				GCC_WARN_UNINITIALIZED_AUTOS = YES_AGGRESSIVE;
				GCC_WARN_UNUSED_FUNCTION = YES;
				GCC_WARN_UNUSED_VARIABLE = YES;
				IPHONEOS_DEPLOYMENT_TARGET = 14.0;
				MTL_ENABLE_DEBUG_INFO = NO;
				MTL_FAST_MATH = YES;
				SDKROOT = iphoneos;
				SWIFT_COMPILATION_MODE = wholemodule;
				SWIFT_OPTIMIZATION_LEVEL = "-O";
				VALIDATE_PRODUCT = YES;
			};
			name = Release;
		};
		523B8351254083DE001A5C1B /* Debug */ = {
			isa = XCBuildConfiguration;
			baseConfigurationReference = 1B80FBF27D34952B10F3E85C /* Pods-OrientaleNapp.debug.xcconfig */;
			buildSettings = {
				ASSETCATALOG_COMPILER_APPICON_NAME = AppIcon;
				ASSETCATALOG_COMPILER_GLOBAL_ACCENT_COLOR_NAME = AccentColor;
				CODE_SIGN_STYLE = Automatic;
				DEVELOPMENT_ASSET_PATHS = "\"OrientaleNapp/Preview Content\"";
				DEVELOPMENT_TEAM = "";
				ENABLE_PREVIEWS = YES;
				INFOPLIST_FILE = OrientaleNapp/Info.plist;
				IPHONEOS_DEPLOYMENT_TARGET = 14.0;
				LD_RUNPATH_SEARCH_PATHS = (
					"$(inherited)",
					"@executable_path/Frameworks",
				);
				PRODUCT_BUNDLE_IDENTIFIER = com.nappolitan.OrientaleNapp;
				PRODUCT_NAME = "$(TARGET_NAME)";
				SWIFT_VERSION = 5.0;
				TARGETED_DEVICE_FAMILY = "1,2";
			};
			name = Debug;
		};
		523B8352254083DE001A5C1B /* Release */ = {
			isa = XCBuildConfiguration;
			baseConfigurationReference = 04FEBE840D8A0097F5CA8435 /* Pods-OrientaleNapp.release.xcconfig */;
			buildSettings = {
				ASSETCATALOG_COMPILER_APPICON_NAME = AppIcon;
				ASSETCATALOG_COMPILER_GLOBAL_ACCENT_COLOR_NAME = AccentColor;
				CODE_SIGN_STYLE = Automatic;
				DEVELOPMENT_ASSET_PATHS = "\"OrientaleNapp/Preview Content\"";
				DEVELOPMENT_TEAM = "";
				ENABLE_PREVIEWS = YES;
				INFOPLIST_FILE = OrientaleNapp/Info.plist;
				IPHONEOS_DEPLOYMENT_TARGET = 14.0;
				LD_RUNPATH_SEARCH_PATHS = (
					"$(inherited)",
					"@executable_path/Frameworks",
				);
				PRODUCT_BUNDLE_IDENTIFIER = com.nappolitan.OrientaleNapp;
				PRODUCT_NAME = "$(TARGET_NAME)";
				SWIFT_VERSION = 5.0;
				TARGETED_DEVICE_FAMILY = "1,2";
			};
			name = Release;
		};
/* End XCBuildConfiguration section */

/* Begin XCConfigurationList section */
		523B833C254083DC001A5C1B /* Build configuration list for PBXProject "OrientaleNapp" */ = {
			isa = XCConfigurationList;
			buildConfigurations = (
				523B834E254083DE001A5C1B /* Debug */,
				523B834F254083DE001A5C1B /* Release */,
			);
			defaultConfigurationIsVisible = 0;
			defaultConfigurationName = Release;
		};
		523B8350254083DE001A5C1B /* Build configuration list for PBXNativeTarget "OrientaleNapp" */ = {
			isa = XCConfigurationList;
			buildConfigurations = (
				523B8351254083DE001A5C1B /* Debug */,
				523B8352254083DE001A5C1B /* Release */,
			);
			defaultConfigurationIsVisible = 0;
			defaultConfigurationName = Release;
		};
/* End XCConfigurationList section */
	};
	rootObject = 523B8339254083DC001A5C1B /* Project object */;
}
